
Microsoft Visual Studio Solution File, Format Version 12.00
# Visual Studio Version 17
VisualStudioVersion = 17.4.33110.190
MinimumVisualStudioVersion = 10.0.40219.1
Project("{8BC9CEB8-8B4A-11D0-8D11-00A0C91BC942}") = "StopTheAnts", "StopTheAnts.vcxproj", "{F70F9A46-38D9-4467-A038-52C79C6F6E07}"
EndProject
Global
	GlobalSection(SolutionConfigurationPlatforms) = preSolution
		Debug|x64 = Debug|x64
		Debug|x86 = Debug|x86
		Release|x64 = Release|x64
		Release|x86 = Release|x86
	EndGlobalSection
	GlobalSection(ProjectConfigurationPlatforms) = postSolution
		{F70F9A46-38D9-4467-A038-52C79C6F6E07}.Debug|x64.ActiveCfg = Debug|x64
		{F70F9A46-38D9-4467-A038-52C79C6F6E07}.Debug|x64.Build.0 = Debug|x64
		{F70F9A46-38D9-4467-A038-52C79C6F6E07}.Debug|x86.ActiveCfg = Debug|x64
		{F70F9A46-38D9-4467-A038-52C79C6F6E07}.Release|x64.ActiveCfg = Release|x64
		{F70F9A46-38D9-4467-A038-52C79C6F6E07}.Release|x64.Build.0 = Release|x64
		{F70F9A46-38D9-4467-A038-52C79C6F6E07}.Release|x86.ActiveCfg = Release|x64
	EndGlobalSection
	GlobalSection(SolutionProperties) = preSolution
		HideSolutionNode = FALSE
	EndGlobalSection
	GlobalSection(ExtensibilityGlobals) = postSolution
		SolutionGuid = {AF8BBAC9-E9C3-451A-B44A-8961DD4AC190}
	EndGlobalSection
EndGlobal
