<?xml version="1.0" encoding="utf-8"?>
<Project ToolsVersion="4.0" xmlns="http://schemas.microsoft.com/developer/msbuild/2003">
  <ItemGroup>
    <Filter Include="Source Files">
      <UniqueIdentifier>{4FC737F1-C7A5-4376-A066-2A32D752A2FF}</UniqueIdentifier>
      <Extensions>cpp;c;cc;cxx;c++;cppm;ixx;def;odl;idl;hpj;bat;asm;asmx</Extensions>
    </Filter>
    <Filter Include="Header Files">
      <UniqueIdentifier>{93995380-89BD-4b04-88EB-625FBE52EBFB}</UniqueIdentifier>
      <Extensions>h;hh;hpp;hxx;h++;hm;inl;inc;ipp;xsd</Extensions>
    </Filter>
    <Filter Include="Resource Files">
      <UniqueIdentifier>{67DA6AB6-F800-4c08-8B7A-83BB121AAD01}</UniqueIdentifier>
      <Extensions>rc;ico;cur;bmp;dlg;rc2;rct;bin;rgs;gif;jpg;jpeg;jpe;resx;tiff;tif;png;wav;mfcribbon-ms</Extensions>
    </Filter>
    <Filter Include="Source Files\Core">
      <UniqueIdentifier>{7c0b5089-a443-4ece-87bb-25cafb75df09}</UniqueIdentifier>
    </Filter>
    <Filter Include="Source Files\Shader">
      <UniqueIdentifier>{bcce9656-17e2-469b-a446-28ac6f22c910}</UniqueIdentifier>
    </Filter>
    <Filter Include="Source Files\Math">
      <UniqueIdentifier>{55f6480d-47e3-4a08-85c2-a1173e11175f}</UniqueIdentifier>
    </Filter>
    <Filter Include="Source Files\Timer">
      <UniqueIdentifier>{88a3dbd8-71ef-4015-8172-747c91386fc8}</UniqueIdentifier>
    </Filter>
    <Filter Include="Source Files\Input">
      <UniqueIdentifier>{6b5e1973-ee95-4845-90b9-1361592be5b1}</UniqueIdentifier>
    </Filter>
    <Filter Include="Source Files\SubSystem">
      <UniqueIdentifier>{5d0d1b47-8f71-4bf8-b8f9-85ab1eb8540c}</UniqueIdentifier>
    </Filter>
    <Filter Include="Source Files\Renderer">
      <UniqueIdentifier>{971dc485-414a-47d5-935c-b341fc733f77}</UniqueIdentifier>
    </Filter>
    <Filter Include="Source Files\GameObject">
      <UniqueIdentifier>{fd65944c-62cf-4f92-a095-097f221c2a74}</UniqueIdentifier>
    </Filter>
    <Filter Include="Source Files\Util">
      <UniqueIdentifier>{0f84fbae-46f9-4487-9833-d82552998f1c}</UniqueIdentifier>
    </Filter>
  </ItemGroup>
  <ItemGroup>
    <ClInclude Include="Source\Application.h">
      <Filter>Source Files\Core</Filter>
    </ClInclude>
    <ClInclude Include="Source\Macro.h">
      <Filter>Header Files</Filter>
    </ClInclude>
    <ClInclude Include="Source\pch.h">
      <Filter>Header Files</Filter>
    </ClInclude>
    <ClInclude Include="Source\Constant.h">
      <Filter>Header Files</Filter>
    </ClInclude>
    <ClInclude Include="Source\Resource.h">
      <Filter>Header Files</Filter>
    </ClInclude>
    <ClInclude Include="Source\targetver.h">
      <Filter>Header Files</Filter>
    </ClInclude>
    <ClInclude Include="Source\Game.h">
      <Filter>Source Files\Core</Filter>
    </ClInclude>
    <ClInclude Include="Source\Math\AStar.h">
      <Filter>Source Files\Math</Filter>
    </ClInclude>
    <ClInclude Include="Source\Math\Bresenham.h">
      <Filter>Source Files\Math</Filter>
    </ClInclude>
    <ClInclude Include="Source\Math\EulerIntegral.h">
      <Filter>Source Files\Math</Filter>
    </ClInclude>
    <ClInclude Include="Source\Math\QeadTree.h">
      <Filter>Source Files\Math</Filter>
    </ClInclude>
    <ClInclude Include="Source\Math\Raycast.h">
      <Filter>Source Files\Math</Filter>
    </ClInclude>
    <ClInclude Include="Source\Util\Timer.h">
      <Filter>Source Files\Timer</Filter>
    </ClInclude>
    <ClInclude Include="Source\SubSystem\Input.h">
      <Filter>Source Files\Input</Filter>
    </ClInclude>
    <ClInclude Include="Source\SubSystem\FSM.h">
      <Filter>Source Files\SubSystem</Filter>
    </ClInclude>
    <ClInclude Include="Source\GameObject\GameObject.h">
      <Filter>Source Files\GameObject</Filter>
    </ClInclude>
    <ClInclude Include="Source\Util\Node.h">
      <Filter>Source Files\Util</Filter>
    </ClInclude>
    <ClInclude Include="Source\Util\Math.h">
      <Filter>Source Files\Util</Filter>
    </ClInclude>
  </ItemGroup>
  <ItemGroup>
    <ClCompile Include="Source\Application.cpp">
      <Filter>Source Files\Core</Filter>
    </ClCompile>
    <ClCompile Include="Source\main.cpp">
      <Filter>Source Files\Core</Filter>
    </ClCompile>
    <ClCompile Include="Source\Game.cpp">
      <Filter>Source Files\Core</Filter>
    </ClCompile>
    <ClCompile Include="Source\Util\Timer.cpp">
      <Filter>Source Files\Timer</Filter>
    </ClCompile>
    <ClCompile Include="Source\SubSystem\Input.cpp">
      <Filter>Source Files\Input</Filter>
    </ClCompile>
    <ClCompile Include="Source\GameObject\GameObject.cpp">
      <Filter>Source Files\GameObject</Filter>
    </ClCompile>
    <ClCompile Include="Source\Math\AStar.cpp">
      <Filter>Source Files\Math</Filter>
    </ClCompile>
    <ClCompile Include="Source\Math\Bresenham.cpp">
      <Filter>Source Files\Math</Filter>
    </ClCompile>
    <ClCompile Include="Source\Math\QeadTree.cpp">
      <Filter>Source Files\Math</Filter>
    </ClCompile>
  </ItemGroup>
  <ItemGroup>
    <Image Include="Resource\small.ico">
      <Filter>Resource Files</Filter>
    </Image>
    <Image Include="Resource\StopTheAnts.ico">
      <Filter>Resource Files</Filter>
    </Image>
  </ItemGroup>
  <ItemGroup>
    <ResourceCompile Include="Resource\StopTheAnts.rc">
      <Filter>Resource Files</Filter>
    </ResourceCompile>
  </ItemGroup>
  <ItemGroup>
    <None Include="Resource\Shader\shaders.shader">
      <Filter>Source Files\Shader</Filter>
    </None>
  </ItemGroup>
</Project>